# This file is automatically @generated by Cargo.
# It is not intended for manual editing.
version = 4

[[package]]
name = "kasl-cranelift-backend"
version = "0.1.0"
dependencies = [
 "kasl-ir",
]

[[package]]
name = "kasl-ir"
version = "0.1.0"
source = "git+https://github.com/hatya-mouse/kasl-ir#2e48609e415331a3e047125bda96e4dc20705723"
